
Microsoft Visual Studio Solution File, Format Version 12.00
# Visual Studio Version 17
VisualStudioVersion = 17.1.32328.378
MinimumVisualStudioVersion = 10.0.40219.1
Project("{FAE04EC0-301F-11D3-BF4B-00C04F79EFBC}") = "HealthTracker.Sleep", "HealthTracker.Sleep\HealthTracker.Sleep.csproj", "{E1E0558F-1988-451F-AA89-6B75FB684314}"
EndProject
Project("{FAE04EC0-301F-11D3-BF4B-00C04F79EFBC}") = "HealthTracker.Sleep.Common", "HealthTracker.Sleep.Common\HealthTracker.Sleep.Common.csproj", "{4583670C-9E9D-446B-A967-25E06DD55766}"
EndProject
Global
	GlobalSection(SolutionConfigurationPlatforms) = preSolution
		Debug|Any CPU = Debug|Any CPU
		Release|Any CPU = Release|Any CPU
	EndGlobalSection
	GlobalSection(ProjectConfigurationPlatforms) = postSolution
		{E1E0558F-1988-451F-AA89-6B75FB684314}.Debug|Any CPU.ActiveCfg = Debug|Any CPU
		{E1E0558F-1988-451F-AA89-6B75FB684314}.Debug|Any CPU.Build.0 = Debug|Any CPU
		{E1E0558F-1988-451F-AA89-6B75FB684314}.Release|Any CPU.ActiveCfg = Release|Any CPU
		{E1E0558F-1988-451F-AA89-6B75FB684314}.Release|Any CPU.Build.0 = Release|Any CPU
		{4583670C-9E9D-446B-A967-25E06DD55766}.Debug|Any CPU.ActiveCfg = Debug|Any CPU
		{4583670C-9E9D-446B-A967-25E06DD55766}.Debug|Any CPU.Build.0 = Debug|Any CPU
		{4583670C-9E9D-446B-A967-25E06DD55766}.Release|Any CPU.ActiveCfg = Release|Any CPU
		{4583670C-9E9D-446B-A967-25E06DD55766}.Release|Any CPU.Build.0 = Release|Any CPU
	EndGlobalSection
	GlobalSection(SolutionProperties) = preSolution
		HideSolutionNode = FALSE
	EndGlobalSection
	GlobalSection(ExtensibilityGlobals) = postSolution
		SolutionGuid = {16389AAD-3449-49AD-B3F3-D7466D523E59}
	EndGlobalSection
EndGlobal
