
Microsoft Visual Studio Solution File, Format Version 12.00
# Visual Studio Version 17
VisualStudioVersion = 17.1.32328.378
MinimumVisualStudioVersion = 10.0.40219.1
Project("{FAE04EC0-301F-11D3-BF4B-00C04F79EFBC}") = "HealthTracker.Common", "HealthTracker.Common\HealthTracker.Common.csproj", "{AA79B999-80E6-47CC-B1F1-0151191B7F23}"
EndProject
Global
	GlobalSection(SolutionConfigurationPlatforms) = preSolution
		Debug|Any CPU = Debug|Any CPU
		Release|Any CPU = Release|Any CPU
	EndGlobalSection
	GlobalSection(ProjectConfigurationPlatforms) = postSolution
		{AA79B999-80E6-47CC-B1F1-0151191B7F23}.Debug|Any CPU.ActiveCfg = Debug|Any CPU
		{AA79B999-80E6-47CC-B1F1-0151191B7F23}.Debug|Any CPU.Build.0 = Debug|Any CPU
		{AA79B999-80E6-47CC-B1F1-0151191B7F23}.Release|Any CPU.ActiveCfg = Release|Any CPU
		{AA79B999-80E6-47CC-B1F1-0151191B7F23}.Release|Any CPU.Build.0 = Release|Any CPU
	EndGlobalSection
	GlobalSection(SolutionProperties) = preSolution
		HideSolutionNode = FALSE
	EndGlobalSection
	GlobalSection(ExtensibilityGlobals) = postSolution
		SolutionGuid = {96E55B60-C0E3-406B-B792-CDEE2AEC6EAB}
	EndGlobalSection
EndGlobal
